// !$*UTF8*$!
{
	archiveVersion = 1;
	classes = {
	};
	objectVersion = 56;
	objects = {

/* Begin PBXBuildFile section */
		92D510322C86B4B90024BADC /* ShopInstantApp.swift in Sources */ = {isa = PBXBuildFile; fileRef = 92D510312C86B4B90024BADC /* ShopInstantApp.swift */; };
		92D510342C86B4B90024BADC /* MainContainerView.swift in Sources */ = {isa = PBXBuildFile; fileRef = 92D510332C86B4B90024BADC /* MainContainerView.swift */; };
		92D510362C86B4BA0024BADC /* Assets.xcassets in Resources */ = {isa = PBXBuildFile; fileRef = 92D510352C86B4BA0024BADC /* Assets.xcassets */; };
		92D510392C86B4BA0024BADC /* Preview Assets.xcassets in Resources */ = {isa = PBXBuildFile; fileRef = 92D510382C86B4BA0024BADC /* Preview Assets.xcassets */; };
		92D510432C86B4BA0024BADC /* ShopInstantTests.swift in Sources */ = {isa = PBXBuildFile; fileRef = 92D510422C86B4BA0024BADC /* ShopInstantTests.swift */; };
		92D5104D2C86B4BA0024BADC /* ShopInstantUITests.swift in Sources */ = {isa = PBXBuildFile; fileRef = 92D5104C2C86B4BA0024BADC /* ShopInstantUITests.swift */; };
		92D5104F2C86B4BA0024BADC /* ShopInstantUITestsLaunchTests.swift in Sources */ = {isa = PBXBuildFile; fileRef = 92D5104E2C86B4BA0024BADC /* ShopInstantUITestsLaunchTests.swift */; };
		92D5105E2C86BBB30024BADC /* Images.xcassets in Resources */ = {isa = PBXBuildFile; fileRef = 92D5105D2C86BBB30024BADC /* Images.xcassets */; };
		92D510602C86BBBB0024BADC /* Colors.xcassets in Resources */ = {isa = PBXBuildFile; fileRef = 92D5105F2C86BBBB0024BADC /* Colors.xcassets */; };
		92D510632C86BDD40024BADC /* Localizable.xcstrings in Resources */ = {isa = PBXBuildFile; fileRef = 92D510622C86BDD40024BADC /* Localizable.xcstrings */; };
		92D510652C86BE740024BADC /* LozalizableString.swift in Sources */ = {isa = PBXBuildFile; fileRef = 92D510642C86BE740024BADC /* LozalizableString.swift */; };
		92D5106C2C86BF4F0024BADC /* MainContainerViewModel.swift in Sources */ = {isa = PBXBuildFile; fileRef = 92D5106B2C86BF4F0024BADC /* MainContainerViewModel.swift */; };
		92D510712C870F470024BADC /* ShopsView.swift in Sources */ = {isa = PBXBuildFile; fileRef = 92D510702C870F470024BADC /* ShopsView.swift */; };
		92D510742C870F550024BADC /* ShopsViewModel.swift in Sources */ = {isa = PBXBuildFile; fileRef = 92D510732C870F550024BADC /* ShopsViewModel.swift */; };
		92D510772C870F6C0024BADC /* TransactionsView.swift in Sources */ = {isa = PBXBuildFile; fileRef = 92D510762C870F6C0024BADC /* TransactionsView.swift */; };
		92D5107A2C870F800024BADC /* TransactionsViewModel.swift in Sources */ = {isa = PBXBuildFile; fileRef = 92D510792C870F800024BADC /* TransactionsViewModel.swift */; };
		92D5107E2C87FD640024BADC /* OfferCard.swift in Sources */ = {isa = PBXBuildFile; fileRef = 92D5107D2C87FD640024BADC /* OfferCard.swift */; };
		92D510812C87FD940024BADC /* WebImageLoaderView.swift in Sources */ = {isa = PBXBuildFile; fileRef = 92D510802C87FD940024BADC /* WebImageLoaderView.swift */; };
		92D510842C8945FE0024BADC /* PrimaryButton.swift in Sources */ = {isa = PBXBuildFile; fileRef = 92D510832C8945FE0024BADC /* PrimaryButton.swift */; };
		92D510882C8951910024BADC /* String+Ext.swift in Sources */ = {isa = PBXBuildFile; fileRef = 92D510872C8951910024BADC /* String+Ext.swift */; };
		92D510902C89699F0024BADC /* DetailOfferView.swift in Sources */ = {isa = PBXBuildFile; fileRef = 92D5108F2C89699F0024BADC /* DetailOfferView.swift */; };
/* End PBXBuildFile section */

/* Begin PBXContainerItemProxy section */
		92D5103F2C86B4BA0024BADC /* PBXContainerItemProxy */ = {
			isa = PBXContainerItemProxy;
			containerPortal = 92D510262C86B4B90024BADC /* Project object */;
			proxyType = 1;
			remoteGlobalIDString = 92D5102D2C86B4B90024BADC;
			remoteInfo = ShopInstant;
		};
		92D510492C86B4BA0024BADC /* PBXContainerItemProxy */ = {
			isa = PBXContainerItemProxy;
			containerPortal = 92D510262C86B4B90024BADC /* Project object */;
			proxyType = 1;
			remoteGlobalIDString = 92D5102D2C86B4B90024BADC;
			remoteInfo = ShopInstant;
		};
/* End PBXContainerItemProxy section */

/* Begin PBXFileReference section */
		92D5102E2C86B4B90024BADC /* ShopInstant.app */ = {isa = PBXFileReference; explicitFileType = wrapper.application; includeInIndex = 0; path = ShopInstant.app; sourceTree = BUILT_PRODUCTS_DIR; };
		92D510312C86B4B90024BADC /* ShopInstantApp.swift */ = {isa = PBXFileReference; lastKnownFileType = sourcecode.swift; path = ShopInstantApp.swift; sourceTree = "<group>"; };
		92D510332C86B4B90024BADC /* MainContainerView.swift */ = {isa = PBXFileReference; lastKnownFileType = sourcecode.swift; path = MainContainerView.swift; sourceTree = "<group>"; };
		92D510352C86B4BA0024BADC /* Assets.xcassets */ = {isa = PBXFileReference; lastKnownFileType = folder.assetcatalog; path = Assets.xcassets; sourceTree = "<group>"; };
		92D510382C86B4BA0024BADC /* Preview Assets.xcassets */ = {isa = PBXFileReference; lastKnownFileType = folder.assetcatalog; path = "Preview Assets.xcassets"; sourceTree = "<group>"; };
		92D5103E2C86B4BA0024BADC /* ShopInstantTests.xctest */ = {isa = PBXFileReference; explicitFileType = wrapper.cfbundle; includeInIndex = 0; path = ShopInstantTests.xctest; sourceTree = BUILT_PRODUCTS_DIR; };
		92D510422C86B4BA0024BADC /* ShopInstantTests.swift */ = {isa = PBXFileReference; lastKnownFileType = sourcecode.swift; path = ShopInstantTests.swift; sourceTree = "<group>"; };
		92D510482C86B4BA0024BADC /* ShopInstantUITests.xctest */ = {isa = PBXFileReference; explicitFileType = wrapper.cfbundle; includeInIndex = 0; path = ShopInstantUITests.xctest; sourceTree = BUILT_PRODUCTS_DIR; };
		92D5104C2C86B4BA0024BADC /* ShopInstantUITests.swift */ = {isa = PBXFileReference; lastKnownFileType = sourcecode.swift; path = ShopInstantUITests.swift; sourceTree = "<group>"; };
		92D5104E2C86B4BA0024BADC /* ShopInstantUITestsLaunchTests.swift */ = {isa = PBXFileReference; lastKnownFileType = sourcecode.swift; path = ShopInstantUITestsLaunchTests.swift; sourceTree = "<group>"; };
		92D5105D2C86BBB30024BADC /* Images.xcassets */ = {isa = PBXFileReference; lastKnownFileType = folder.assetcatalog; path = Images.xcassets; sourceTree = "<group>"; };
		92D5105F2C86BBBB0024BADC /* Colors.xcassets */ = {isa = PBXFileReference; lastKnownFileType = folder.assetcatalog; path = Colors.xcassets; sourceTree = "<group>"; };
		92D510622C86BDD40024BADC /* Localizable.xcstrings */ = {isa = PBXFileReference; lastKnownFileType = text.json.xcstrings; path = Localizable.xcstrings; sourceTree = "<group>"; };
		92D510642C86BE740024BADC /* LozalizableString.swift */ = {isa = PBXFileReference; lastKnownFileType = sourcecode.swift; path = LozalizableString.swift; sourceTree = "<group>"; };
		92D5106B2C86BF4F0024BADC /* MainContainerViewModel.swift */ = {isa = PBXFileReference; lastKnownFileType = sourcecode.swift; path = MainContainerViewModel.swift; sourceTree = "<group>"; };
		92D510702C870F470024BADC /* ShopsView.swift */ = {isa = PBXFileReference; lastKnownFileType = sourcecode.swift; path = ShopsView.swift; sourceTree = "<group>"; };
		92D510732C870F550024BADC /* ShopsViewModel.swift */ = {isa = PBXFileReference; lastKnownFileType = sourcecode.swift; path = ShopsViewModel.swift; sourceTree = "<group>"; };
		92D510762C870F6C0024BADC /* TransactionsView.swift */ = {isa = PBXFileReference; lastKnownFileType = sourcecode.swift; path = TransactionsView.swift; sourceTree = "<group>"; };
		92D510792C870F800024BADC /* TransactionsViewModel.swift */ = {isa = PBXFileReference; lastKnownFileType = sourcecode.swift; path = TransactionsViewModel.swift; sourceTree = "<group>"; };
		92D5107D2C87FD640024BADC /* OfferCard.swift */ = {isa = PBXFileReference; lastKnownFileType = sourcecode.swift; path = OfferCard.swift; sourceTree = "<group>"; };
		92D510802C87FD940024BADC /* WebImageLoaderView.swift */ = {isa = PBXFileReference; lastKnownFileType = sourcecode.swift; path = WebImageLoaderView.swift; sourceTree = "<group>"; };
		92D510832C8945FE0024BADC /* PrimaryButton.swift */ = {isa = PBXFileReference; lastKnownFileType = sourcecode.swift; path = PrimaryButton.swift; sourceTree = "<group>"; };
		92D510872C8951910024BADC /* String+Ext.swift */ = {isa = PBXFileReference; lastKnownFileType = sourcecode.swift; path = "String+Ext.swift"; sourceTree = "<group>"; };
		92D5108F2C89699F0024BADC /* DetailOfferView.swift */ = {isa = PBXFileReference; lastKnownFileType = sourcecode.swift; path = DetailOfferView.swift; sourceTree = "<group>"; };
/* End PBXFileReference section */

/* Begin PBXFrameworksBuildPhase section */
		92D5102B2C86B4B90024BADC /* Frameworks */ = {
			isa = PBXFrameworksBuildPhase;
			buildActionMask = 2147483647;
			files = (
			);
			runOnlyForDeploymentPostprocessing = 0;
		};
		92D5103B2C86B4BA0024BADC /* Frameworks */ = {
			isa = PBXFrameworksBuildPhase;
			buildActionMask = 2147483647;
			files = (
			);
			runOnlyForDeploymentPostprocessing = 0;
		};
		92D510452C86B4BA0024BADC /* Frameworks */ = {
			isa = PBXFrameworksBuildPhase;
			buildActionMask = 2147483647;
			files = (
			);
			runOnlyForDeploymentPostprocessing = 0;
		};
/* End PBXFrameworksBuildPhase section */

/* Begin PBXGroup section */
		92D510252C86B4B90024BADC = {
			isa = PBXGroup;
			children = (
				92D510302C86B4B90024BADC /* ShopInstant */,
				92D510412C86B4BA0024BADC /* ShopInstantTests */,
				92D5104B2C86B4BA0024BADC /* ShopInstantUITests */,
				92D5102F2C86B4B90024BADC /* Products */,
			);
			sourceTree = "<group>";
		};
		92D5102F2C86B4B90024BADC /* Products */ = {
			isa = PBXGroup;
			children = (
				92D5102E2C86B4B90024BADC /* ShopInstant.app */,
				92D5103E2C86B4BA0024BADC /* ShopInstantTests.xctest */,
				92D510482C86B4BA0024BADC /* ShopInstantUITests.xctest */,
			);
			name = Products;
			sourceTree = "<group>";
		};
		92D510302C86B4B90024BADC /* ShopInstant */ = {
			isa = PBXGroup;
			children = (
				92D510672C86BF230024BADC /* Feature */,
				92D5105B2C86BB8F0024BADC /* Common */,
				92D510372C86B4BA0024BADC /* Preview Content */,
			);
			path = ShopInstant;
			sourceTree = "<group>";
		};
		92D510372C86B4BA0024BADC /* Preview Content */ = {
			isa = PBXGroup;
			children = (
				92D510382C86B4BA0024BADC /* Preview Assets.xcassets */,
			);
			path = "Preview Content";
			sourceTree = "<group>";
		};
		92D510412C86B4BA0024BADC /* ShopInstantTests */ = {
			isa = PBXGroup;
			children = (
				92D510422C86B4BA0024BADC /* ShopInstantTests.swift */,
			);
			path = ShopInstantTests;
			sourceTree = "<group>";
		};
		92D5104B2C86B4BA0024BADC /* ShopInstantUITests */ = {
			isa = PBXGroup;
			children = (
				92D5104C2C86B4BA0024BADC /* ShopInstantUITests.swift */,
				92D5104E2C86B4BA0024BADC /* ShopInstantUITestsLaunchTests.swift */,
			);
			path = ShopInstantUITests;
			sourceTree = "<group>";
		};
		92D5105B2C86BB8F0024BADC /* Common */ = {
			isa = PBXGroup;
			children = (
				92D510852C8951800024BADC /* Extensions */,
				92D5107B2C87FD530024BADC /* Component */,
				92D510662C86BF100024BADC /* Base */,
				92D5105C2C86BB960024BADC /* Resources */,
			);
			path = Common;
			sourceTree = "<group>";
		};
		92D5105C2C86BB960024BADC /* Resources */ = {
			isa = PBXGroup;
			children = (
				92D510612C86BBC60024BADC /* Localization */,
				92D510352C86B4BA0024BADC /* Assets.xcassets */,
				92D5105D2C86BBB30024BADC /* Images.xcassets */,
				92D5105F2C86BBBB0024BADC /* Colors.xcassets */,
			);
			path = Resources;
			sourceTree = "<group>";
		};
		92D510612C86BBC60024BADC /* Localization */ = {
			isa = PBXGroup;
			children = (
				92D510622C86BDD40024BADC /* Localizable.xcstrings */,
				92D510642C86BE740024BADC /* LozalizableString.swift */,
			);
			path = Localization;
			sourceTree = "<group>";
		};
		92D510662C86BF100024BADC /* Base */ = {
			isa = PBXGroup;
			children = (
				92D510312C86B4B90024BADC /* ShopInstantApp.swift */,
			);
			path = Base;
			sourceTree = "<group>";
		};
		92D510672C86BF230024BADC /* Feature */ = {
			isa = PBXGroup;
			children = (
				92D5106E2C870F350024BADC /* Transactions */,
				92D5106D2C870EDD0024BADC /* Shops */,
				92D510682C86BF290024BADC /* MainContainer */,
			);
			path = Feature;
			sourceTree = "<group>";
		};
		92D510682C86BF290024BADC /* MainContainer */ = {
			isa = PBXGroup;
			children = (
				92D5106A2C86BF350024BADC /* ViewModel */,
				92D510692C86BF300024BADC /* View */,
			);
			path = MainContainer;
			sourceTree = "<group>";
		};
		92D510692C86BF300024BADC /* View */ = {
			isa = PBXGroup;
			children = (
				92D510332C86B4B90024BADC /* MainContainerView.swift */,
			);
			path = View;
			sourceTree = "<group>";
		};
		92D5106A2C86BF350024BADC /* ViewModel */ = {
			isa = PBXGroup;
			children = (
				92D5106B2C86BF4F0024BADC /* MainContainerViewModel.swift */,
			);
			path = ViewModel;
			sourceTree = "<group>";
		};
		92D5106D2C870EDD0024BADC /* Shops */ = {
			isa = PBXGroup;
			children = (
				92D510722C870F4C0024BADC /* ViewModel */,
				92D5106F2C870F400024BADC /* View */,
			);
			path = Shops;
			sourceTree = "<group>";
		};
		92D5106E2C870F350024BADC /* Transactions */ = {
			isa = PBXGroup;
			children = (
				92D510782C870F710024BADC /* ViewModel */,
				92D510752C870F620024BADC /* View */,
			);
			path = Transactions;
			sourceTree = "<group>";
		};
		92D5106F2C870F400024BADC /* View */ = {
			isa = PBXGroup;
			children = (
				92D510702C870F470024BADC /* ShopsView.swift */,
				92D5108F2C89699F0024BADC /* DetailOfferView.swift */,
			);
			path = View;
			sourceTree = "<group>";
		};
		92D510722C870F4C0024BADC /* ViewModel */ = {
			isa = PBXGroup;
			children = (
				92D510732C870F550024BADC /* ShopsViewModel.swift */,
			);
			path = ViewModel;
			sourceTree = "<group>";
		};
		92D510752C870F620024BADC /* View */ = {
			isa = PBXGroup;
			children = (
				92D510762C870F6C0024BADC /* TransactionsView.swift */,
			);
			path = View;
			sourceTree = "<group>";
		};
		92D510782C870F710024BADC /* ViewModel */ = {
			isa = PBXGroup;
			children = (
				92D510792C870F800024BADC /* TransactionsViewModel.swift */,
			);
			path = ViewModel;
			sourceTree = "<group>";
		};
		92D5107B2C87FD530024BADC /* Component */ = {
			isa = PBXGroup;
			children = (
				92D510822C883E4F0024BADC /* Button */,
				92D5107F2C87FD820024BADC /* ImageLoader */,
				92D5107C2C87FD5B0024BADC /* Card */,
			);
			path = Component;
			sourceTree = "<group>";
		};
		92D5107C2C87FD5B0024BADC /* Card */ = {
			isa = PBXGroup;
			children = (
				92D5107D2C87FD640024BADC /* OfferCard.swift */,
			);
			path = Card;
			sourceTree = "<group>";
		};
		92D5107F2C87FD820024BADC /* ImageLoader */ = {
			isa = PBXGroup;
			children = (
				92D510802C87FD940024BADC /* WebImageLoaderView.swift */,
			);
			path = ImageLoader;
			sourceTree = "<group>";
		};
		92D510822C883E4F0024BADC /* Button */ = {
			isa = PBXGroup;
			children = (
				92D510832C8945FE0024BADC /* PrimaryButton.swift */,
			);
			path = Button;
			sourceTree = "<group>";
		};
		92D510852C8951800024BADC /* Extensions */ = {
			isa = PBXGroup;
			children = (
				92D510862C8951870024BADC /* String */,
			);
			path = Extensions;
			sourceTree = "<group>";
		};
		92D510862C8951870024BADC /* String */ = {
			isa = PBXGroup;
			children = (
				92D510872C8951910024BADC /* String+Ext.swift */,
			);
			path = String;
			sourceTree = "<group>";
		};
/* End PBXGroup section */

/* Begin PBXNativeTarget section */
		92D5102D2C86B4B90024BADC /* ShopInstant */ = {
			isa = PBXNativeTarget;
			buildConfigurationList = 92D510522C86B4BA0024BADC /* Build configuration list for PBXNativeTarget "ShopInstant" */;
			buildPhases = (
				92D5102A2C86B4B90024BADC /* Sources */,
				92D5102B2C86B4B90024BADC /* Frameworks */,
				92D5102C2C86B4B90024BADC /* Resources */,
			);
			buildRules = (
			);
			dependencies = (
			);
			name = ShopInstant;
			productName = ShopInstant;
			productReference = 92D5102E2C86B4B90024BADC /* ShopInstant.app */;
			productType = "com.apple.product-type.application";
		};
		92D5103D2C86B4BA0024BADC /* ShopInstantTests */ = {
			isa = PBXNativeTarget;
			buildConfigurationList = 92D510552C86B4BA0024BADC /* Build configuration list for PBXNativeTarget "ShopInstantTests" */;
			buildPhases = (
				92D5103A2C86B4BA0024BADC /* Sources */,
				92D5103B2C86B4BA0024BADC /* Frameworks */,
				92D5103C2C86B4BA0024BADC /* Resources */,
			);
			buildRules = (
			);
			dependencies = (
				92D510402C86B4BA0024BADC /* PBXTargetDependency */,
			);
			name = ShopInstantTests;
			productName = ShopInstantTests;
			productReference = 92D5103E2C86B4BA0024BADC /* ShopInstantTests.xctest */;
			productType = "com.apple.product-type.bundle.unit-test";
		};
		92D510472C86B4BA0024BADC /* ShopInstantUITests */ = {
			isa = PBXNativeTarget;
			buildConfigurationList = 92D510582C86B4BA0024BADC /* Build configuration list for PBXNativeTarget "ShopInstantUITests" */;
			buildPhases = (
				92D510442C86B4BA0024BADC /* Sources */,
				92D510452C86B4BA0024BADC /* Frameworks */,
				92D510462C86B4BA0024BADC /* Resources */,
			);
			buildRules = (
			);
			dependencies = (
				92D5104A2C86B4BA0024BADC /* PBXTargetDependency */,
			);
			name = ShopInstantUITests;
			productName = ShopInstantUITests;
			productReference = 92D510482C86B4BA0024BADC /* ShopInstantUITests.xctest */;
			productType = "com.apple.product-type.bundle.ui-testing";
		};
/* End PBXNativeTarget section */

/* Begin PBXProject section */
		92D510262C86B4B90024BADC /* Project object */ = {
			isa = PBXProject;
			attributes = {
				BuildIndependentTargetsInParallel = 1;
				LastSwiftUpdateCheck = 1540;
				LastUpgradeCheck = 1540;
				TargetAttributes = {
					92D5102D2C86B4B90024BADC = {
						CreatedOnToolsVersion = 15.4;
					};
					92D5103D2C86B4BA0024BADC = {
						CreatedOnToolsVersion = 15.4;
						TestTargetID = 92D5102D2C86B4B90024BADC;
					};
					92D510472C86B4BA0024BADC = {
						CreatedOnToolsVersion = 15.4;
						TestTargetID = 92D5102D2C86B4B90024BADC;
					};
				};
			};
			buildConfigurationList = 92D510292C86B4B90024BADC /* Build configuration list for PBXProject "ShopInstant" */;
			compatibilityVersion = "Xcode 14.0";
			developmentRegion = en;
			hasScannedForEncodings = 0;
			knownRegions = (
				en,
				Base,
				id,
			);
			mainGroup = 92D510252C86B4B90024BADC;
			productRefGroup = 92D5102F2C86B4B90024BADC /* Products */;
			projectDirPath = "";
			projectRoot = "";
			targets = (
				92D5102D2C86B4B90024BADC /* ShopInstant */,
				92D5103D2C86B4BA0024BADC /* ShopInstantTests */,
				92D510472C86B4BA0024BADC /* ShopInstantUITests */,
			);
		};
/* End PBXProject section */

/* Begin PBXResourcesBuildPhase section */
		92D5102C2C86B4B90024BADC /* Resources */ = {
			isa = PBXResourcesBuildPhase;
			buildActionMask = 2147483647;
			files = (
				92D510392C86B4BA0024BADC /* Preview Assets.xcassets in Resources */,
				92D510632C86BDD40024BADC /* Localizable.xcstrings in Resources */,
				92D510602C86BBBB0024BADC /* Colors.xcassets in Resources */,
				92D5105E2C86BBB30024BADC /* Images.xcassets in Resources */,
				92D510362C86B4BA0024BADC /* Assets.xcassets in Resources */,
			);
			runOnlyForDeploymentPostprocessing = 0;
		};
		92D5103C2C86B4BA0024BADC /* Resources */ = {
			isa = PBXResourcesBuildPhase;
			buildActionMask = 2147483647;
			files = (
			);
			runOnlyForDeploymentPostprocessing = 0;
		};
		92D510462C86B4BA0024BADC /* Resources */ = {
			isa = PBXResourcesBuildPhase;
			buildActionMask = 2147483647;
			files = (
			);
			runOnlyForDeploymentPostprocessing = 0;
		};
/* End PBXResourcesBuildPhase section */

/* Begin PBXSourcesBuildPhase section */
		92D5102A2C86B4B90024BADC /* Sources */ = {
			isa = PBXSourcesBuildPhase;
			buildActionMask = 2147483647;
			files = (
				92D510712C870F470024BADC /* ShopsView.swift in Sources */,
				92D510842C8945FE0024BADC /* PrimaryButton.swift in Sources */,
				92D510652C86BE740024BADC /* LozalizableString.swift in Sources */,
				92D510742C870F550024BADC /* ShopsViewModel.swift in Sources */,
				92D5107A2C870F800024BADC /* TransactionsViewModel.swift in Sources */,
				92D510812C87FD940024BADC /* WebImageLoaderView.swift in Sources */,
				92D510882C8951910024BADC /* String+Ext.swift in Sources */,
				92D510342C86B4B90024BADC /* MainContainerView.swift in Sources */,
				92D510322C86B4B90024BADC /* ShopInstantApp.swift in Sources */,
				92D5106C2C86BF4F0024BADC /* MainContainerViewModel.swift in Sources */,
				92D5107E2C87FD640024BADC /* OfferCard.swift in Sources */,
				92D510772C870F6C0024BADC /* TransactionsView.swift in Sources */,
				92D510902C89699F0024BADC /* DetailOfferView.swift in Sources */,
			);
			runOnlyForDeploymentPostprocessing = 0;
		};
		92D5103A2C86B4BA0024BADC /* Sources */ = {
			isa = PBXSourcesBuildPhase;
			buildActionMask = 2147483647;
			files = (
				92D510432C86B4BA0024BADC /* ShopInstantTests.swift in Sources */,
			);
			runOnlyForDeploymentPostprocessing = 0;
		};
		92D510442C86B4BA0024BADC /* Sources */ = {
			isa = PBXSourcesBuildPhase;
			buildActionMask = 2147483647;
			files = (
				92D5104F2C86B4BA0024BADC /* ShopInstantUITestsLaunchTests.swift in Sources */,
				92D5104D2C86B4BA0024BADC /* ShopInstantUITests.swift in Sources */,
			);
			runOnlyForDeploymentPostprocessing = 0;
		};
/* End PBXSourcesBuildPhase section */

/* Begin PBXTargetDependency section */
		92D510402C86B4BA0024BADC /* PBXTargetDependency */ = {
			isa = PBXTargetDependency;
			target = 92D5102D2C86B4B90024BADC /* ShopInstant */;
			targetProxy = 92D5103F2C86B4BA0024BADC /* PBXContainerItemProxy */;
		};
		92D5104A2C86B4BA0024BADC /* PBXTargetDependency */ = {
			isa = PBXTargetDependency;
			target = 92D5102D2C86B4B90024BADC /* ShopInstant */;
			targetProxy = 92D510492C86B4BA0024BADC /* PBXContainerItemProxy */;
		};
/* End PBXTargetDependency section */

/* Begin XCBuildConfiguration section */
		92D510502C86B4BA0024BADC /* Debug */ = {
			isa = XCBuildConfiguration;
			buildSettings = {
				ALWAYS_SEARCH_USER_PATHS = NO;
				ASSETCATALOG_COMPILER_GENERATE_SWIFT_ASSET_SYMBOL_EXTENSIONS = YES;
				CLANG_ANALYZER_NONNULL = YES;
				CLANG_ANALYZER_NUMBER_OBJECT_CONVERSION = YES_AGGRESSIVE;
				CLANG_CXX_LANGUAGE_STANDARD = "gnu++20";
				CLANG_ENABLE_MODULES = YES;
				CLANG_ENABLE_OBJC_ARC = YES;
				CLANG_ENABLE_OBJC_WEAK = YES;
				CLANG_WARN_BLOCK_CAPTURE_AUTORELEASING = YES;
				CLANG_WARN_BOOL_CONVERSION = YES;
				CLANG_WARN_COMMA = YES;
				CLANG_WARN_CONSTANT_CONVERSION = YES;
				CLANG_WARN_DEPRECATED_OBJC_IMPLEMENTATIONS = YES;
				CLANG_WARN_DIRECT_OBJC_ISA_USAGE = YES_ERROR;
				CLANG_WARN_DOCUMENTATION_COMMENTS = YES;
				CLANG_WARN_EMPTY_BODY = YES;
				CLANG_WARN_ENUM_CONVERSION = YES;
				CLANG_WARN_INFINITE_RECURSION = YES;
				CLANG_WARN_INT_CONVERSION = YES;
				CLANG_WARN_NON_LITERAL_NULL_CONVERSION = YES;
				CLANG_WARN_OBJC_IMPLICIT_RETAIN_SELF = YES;
				CLANG_WARN_OBJC_LITERAL_CONVERSION = YES;
				CLANG_WARN_OBJC_ROOT_CLASS = YES_ERROR;
				CLANG_WARN_QUOTED_INCLUDE_IN_FRAMEWORK_HEADER = YES;
				CLANG_WARN_RANGE_LOOP_ANALYSIS = YES;
				CLANG_WARN_STRICT_PROTOTYPES = YES;
				CLANG_WARN_SUSPICIOUS_MOVE = YES;
				CLANG_WARN_UNGUARDED_AVAILABILITY = YES_AGGRESSIVE;
				CLANG_WARN_UNREACHABLE_CODE = YES;
				CLANG_WARN__DUPLICATE_METHOD_MATCH = YES;
				COPY_PHASE_STRIP = NO;
				DEBUG_INFORMATION_FORMAT = dwarf;
				ENABLE_STRICT_OBJC_MSGSEND = YES;
				ENABLE_TESTABILITY = YES;
				ENABLE_USER_SCRIPT_SANDBOXING = YES;
				GCC_C_LANGUAGE_STANDARD = gnu17;
				GCC_DYNAMIC_NO_PIC = NO;
				GCC_NO_COMMON_BLOCKS = YES;
				GCC_OPTIMIZATION_LEVEL = 0;
				GCC_PREPROCESSOR_DEFINITIONS = (
					"DEBUG=1",
					"$(inherited)",
				);
				GCC_WARN_64_TO_32_BIT_CONVERSION = YES;
				GCC_WARN_ABOUT_RETURN_TYPE = YES_ERROR;
				GCC_WARN_UNDECLARED_SELECTOR = YES;
				GCC_WARN_UNINITIALIZED_AUTOS = YES_AGGRESSIVE;
				GCC_WARN_UNUSED_FUNCTION = YES;
				GCC_WARN_UNUSED_VARIABLE = YES;
				IPHONEOS_DEPLOYMENT_TARGET = 17.5;
				LOCALIZATION_PREFERS_STRING_CATALOGS = YES;
				MTL_ENABLE_DEBUG_INFO = INCLUDE_SOURCE;
				MTL_FAST_MATH = YES;
				ONLY_ACTIVE_ARCH = YES;
				SDKROOT = iphoneos;
				SWIFT_ACTIVE_COMPILATION_CONDITIONS = "DEBUG $(inherited)";
				SWIFT_OPTIMIZATION_LEVEL = "-Onone";
			};
			name = Debug;
		};
		92D510512C86B4BA0024BADC /* Release */ = {
			isa = XCBuildConfiguration;
			buildSettings = {
				ALWAYS_SEARCH_USER_PATHS = NO;
				ASSETCATALOG_COMPILER_GENERATE_SWIFT_ASSET_SYMBOL_EXTENSIONS = YES;
				CLANG_ANALYZER_NONNULL = YES;
				CLANG_ANALYZER_NUMBER_OBJECT_CONVERSION = YES_AGGRESSIVE;
				CLANG_CXX_LANGUAGE_STANDARD = "gnu++20";
				CLANG_ENABLE_MODULES = YES;
				CLANG_ENABLE_OBJC_ARC = YES;
				CLANG_ENABLE_OBJC_WEAK = YES;
				CLANG_WARN_BLOCK_CAPTURE_AUTORELEASING = YES;
				CLANG_WARN_BOOL_CONVERSION = YES;
				CLANG_WARN_COMMA = YES;
				CLANG_WARN_CONSTANT_CONVERSION = YES;
				CLANG_WARN_DEPRECATED_OBJC_IMPLEMENTATIONS = YES;
				CLANG_WARN_DIRECT_OBJC_ISA_USAGE = YES_ERROR;
				CLANG_WARN_DOCUMENTATION_COMMENTS = YES;
				CLANG_WARN_EMPTY_BODY = YES;
				CLANG_WARN_ENUM_CONVERSION = YES;
				CLANG_WARN_INFINITE_RECURSION = YES;
				CLANG_WARN_INT_CONVERSION = YES;
				CLANG_WARN_NON_LITERAL_NULL_CONVERSION = YES;
				CLANG_WARN_OBJC_IMPLICIT_RETAIN_SELF = YES;
				CLANG_WARN_OBJC_LITERAL_CONVERSION = YES;
				CLANG_WARN_OBJC_ROOT_CLASS = YES_ERROR;
				CLANG_WARN_QUOTED_INCLUDE_IN_FRAMEWORK_HEADER = YES;
				CLANG_WARN_RANGE_LOOP_ANALYSIS = YES;
				CLANG_WARN_STRICT_PROTOTYPES = YES;
				CLANG_WARN_SUSPICIOUS_MOVE = YES;
				CLANG_WARN_UNGUARDED_AVAILABILITY = YES_AGGRESSIVE;
				CLANG_WARN_UNREACHABLE_CODE = YES;
				CLANG_WARN__DUPLICATE_METHOD_MATCH = YES;
				COPY_PHASE_STRIP = NO;
				DEBUG_INFORMATION_FORMAT = "dwarf-with-dsym";
				ENABLE_NS_ASSERTIONS = NO;
				ENABLE_STRICT_OBJC_MSGSEND = YES;
				ENABLE_USER_SCRIPT_SANDBOXING = YES;
				GCC_C_LANGUAGE_STANDARD = gnu17;
				GCC_NO_COMMON_BLOCKS = YES;
				GCC_WARN_64_TO_32_BIT_CONVERSION = YES;
				GCC_WARN_ABOUT_RETURN_TYPE = YES_ERROR;
				GCC_WARN_UNDECLARED_SELECTOR = YES;
				GCC_WARN_UNINITIALIZED_AUTOS = YES_AGGRESSIVE;
				GCC_WARN_UNUSED_FUNCTION = YES;
				GCC_WARN_UNUSED_VARIABLE = YES;
				IPHONEOS_DEPLOYMENT_TARGET = 17.5;
				LOCALIZATION_PREFERS_STRING_CATALOGS = YES;
				MTL_ENABLE_DEBUG_INFO = NO;
				MTL_FAST_MATH = YES;
				SDKROOT = iphoneos;
				SWIFT_COMPILATION_MODE = wholemodule;
				VALIDATE_PRODUCT = YES;
			};
			name = Release;
		};
		92D510532C86B4BA0024BADC /* Debug */ = {
			isa = XCBuildConfiguration;
			buildSettings = {
				ASSETCATALOG_COMPILER_APPICON_NAME = AppIcon;
				ASSETCATALOG_COMPILER_GLOBAL_ACCENT_COLOR_NAME = AccentColor;
				CODE_SIGN_STYLE = Automatic;
				CURRENT_PROJECT_VERSION = 1;
				DEVELOPMENT_ASSET_PATHS = "\"ShopInstant/Preview Content\"";
				DEVELOPMENT_TEAM = 4KJR7MW4S2;
				ENABLE_PREVIEWS = YES;
				GENERATE_INFOPLIST_FILE = YES;
				INFOPLIST_KEY_UIApplicationSceneManifest_Generation = YES;
				INFOPLIST_KEY_UIApplicationSupportsIndirectInputEvents = YES;
				INFOPLIST_KEY_UILaunchScreen_Generation = YES;
				INFOPLIST_KEY_UISupportedInterfaceOrientations = UIInterfaceOrientationPortrait;
				IPHONEOS_DEPLOYMENT_TARGET = 16.0;
				LD_RUNPATH_SEARCH_PATHS = (
					"$(inherited)",
					"@executable_path/Frameworks",
				);
				MARKETING_VERSION = 1.0;
				PRODUCT_BUNDLE_IDENTIFIER = id.co.testplayground.ShopInstant;
				PRODUCT_NAME = "$(TARGET_NAME)";
				SWIFT_EMIT_LOC_STRINGS = YES;
				SWIFT_VERSION = 5.0;
				TARGETED_DEVICE_FAMILY = "1,2";
			};
			name = Debug;
		};
		92D510542C86B4BA0024BADC /* Release */ = {
			isa = XCBuildConfiguration;
			buildSettings = {
				ASSETCATALOG_COMPILER_APPICON_NAME = AppIcon;
				ASSETCATALOG_COMPILER_GLOBAL_ACCENT_COLOR_NAME = AccentColor;
				CODE_SIGN_STYLE = Automatic;
				CURRENT_PROJECT_VERSION = 1;
				DEVELOPMENT_ASSET_PATHS = "\"ShopInstant/Preview Content\"";
				DEVELOPMENT_TEAM = 4KJR7MW4S2;
				ENABLE_PREVIEWS = YES;
				GENERATE_INFOPLIST_FILE = YES;
				INFOPLIST_KEY_UIApplicationSceneManifest_Generation = YES;
				INFOPLIST_KEY_UIApplicationSupportsIndirectInputEvents = YES;
				INFOPLIST_KEY_UILaunchScreen_Generation = YES;
				INFOPLIST_KEY_UISupportedInterfaceOrientations = UIInterfaceOrientationPortrait;
				IPHONEOS_DEPLOYMENT_TARGET = 16.0;
				LD_RUNPATH_SEARCH_PATHS = (
					"$(inherited)",
					"@executable_path/Frameworks",
				);
				MARKETING_VERSION = 1.0;
				PRODUCT_BUNDLE_IDENTIFIER = id.co.testplayground.ShopInstant;
				PRODUCT_NAME = "$(TARGET_NAME)";
				SWIFT_EMIT_LOC_STRINGS = YES;
				SWIFT_VERSION = 5.0;
				TARGETED_DEVICE_FAMILY = "1,2";
			};
			name = Release;
		};
		92D510562C86B4BA0024BADC /* Debug */ = {
			isa = XCBuildConfiguration;
			buildSettings = {
				ALWAYS_EMBED_SWIFT_STANDARD_LIBRARIES = YES;
				BUNDLE_LOADER = "$(TEST_HOST)";
				CODE_SIGN_STYLE = Automatic;
				CURRENT_PROJECT_VERSION = 1;
				DEVELOPMENT_TEAM = 4KJR7MW4S2;
				GENERATE_INFOPLIST_FILE = YES;
				IPHONEOS_DEPLOYMENT_TARGET = 17.5;
				MARKETING_VERSION = 1.0;
				PRODUCT_BUNDLE_IDENTIFIER = id.co.testplayground.ShopInstantTests;
				PRODUCT_NAME = "$(TARGET_NAME)";
				SWIFT_EMIT_LOC_STRINGS = NO;
				SWIFT_VERSION = 5.0;
				TARGETED_DEVICE_FAMILY = "1,2";
				TEST_HOST = "$(BUILT_PRODUCTS_DIR)/ShopInstant.app/$(BUNDLE_EXECUTABLE_FOLDER_PATH)/ShopInstant";
			};
			name = Debug;
		};
		92D510572C86B4BA0024BADC /* Release */ = {
			isa = XCBuildConfiguration;
			buildSettings = {
				ALWAYS_EMBED_SWIFT_STANDARD_LIBRARIES = YES;
				BUNDLE_LOADER = "$(TEST_HOST)";
				CODE_SIGN_STYLE = Automatic;
				CURRENT_PROJECT_VERSION = 1;
				DEVELOPMENT_TEAM = 4KJR7MW4S2;
				GENERATE_INFOPLIST_FILE = YES;
				IPHONEOS_DEPLOYMENT_TARGET = 17.5;
				MARKETING_VERSION = 1.0;
				PRODUCT_BUNDLE_IDENTIFIER = id.co.testplayground.ShopInstantTests;
				PRODUCT_NAME = "$(TARGET_NAME)";
				SWIFT_EMIT_LOC_STRINGS = NO;
				SWIFT_VERSION = 5.0;
				TARGETED_DEVICE_FAMILY = "1,2";
				TEST_HOST = "$(BUILT_PRODUCTS_DIR)/ShopInstant.app/$(BUNDLE_EXECUTABLE_FOLDER_PATH)/ShopInstant";
			};
			name = Release;
		};
		92D510592C86B4BA0024BADC /* Debug */ = {
			isa = XCBuildConfiguration;
			buildSettings = {
				ALWAYS_EMBED_SWIFT_STANDARD_LIBRARIES = YES;
				CODE_SIGN_STYLE = Automatic;
				CURRENT_PROJECT_VERSION = 1;
				DEVELOPMENT_TEAM = 4KJR7MW4S2;
				GENERATE_INFOPLIST_FILE = YES;
				MARKETING_VERSION = 1.0;
				PRODUCT_BUNDLE_IDENTIFIER = id.co.testplayground.ShopInstantUITests;
				PRODUCT_NAME = "$(TARGET_NAME)";
				SWIFT_EMIT_LOC_STRINGS = NO;
				SWIFT_VERSION = 5.0;
				TARGETED_DEVICE_FAMILY = "1,2";
				TEST_TARGET_NAME = ShopInstant;
			};
			name = Debug;
		};
		92D5105A2C86B4BA0024BADC /* Release */ = {
			isa = XCBuildConfiguration;
			buildSettings = {
				ALWAYS_EMBED_SWIFT_STANDARD_LIBRARIES = YES;
				CODE_SIGN_STYLE = Automatic;
				CURRENT_PROJECT_VERSION = 1;
				DEVELOPMENT_TEAM = 4KJR7MW4S2;
				GENERATE_INFOPLIST_FILE = YES;
				MARKETING_VERSION = 1.0;
				PRODUCT_BUNDLE_IDENTIFIER = id.co.testplayground.ShopInstantUITests;
				PRODUCT_NAME = "$(TARGET_NAME)";
				SWIFT_EMIT_LOC_STRINGS = NO;
				SWIFT_VERSION = 5.0;
				TARGETED_DEVICE_FAMILY = "1,2";
				TEST_TARGET_NAME = ShopInstant;
			};
			name = Release;
		};
/* End XCBuildConfiguration section */

/* Begin XCConfigurationList section */
		92D510292C86B4B90024BADC /* Build configuration list for PBXProject "ShopInstant" */ = {
			isa = XCConfigurationList;
			buildConfigurations = (
				92D510502C86B4BA0024BADC /* Debug */,
				92D510512C86B4BA0024BADC /* Release */,
			);
			defaultConfigurationIsVisible = 0;
			defaultConfigurationName = Release;
		};
		92D510522C86B4BA0024BADC /* Build configuration list for PBXNativeTarget "ShopInstant" */ = {
			isa = XCConfigurationList;
			buildConfigurations = (
				92D510532C86B4BA0024BADC /* Debug */,
				92D510542C86B4BA0024BADC /* Release */,
			);
			defaultConfigurationIsVisible = 0;
			defaultConfigurationName = Release;
		};
		92D510552C86B4BA0024BADC /* Build configuration list for PBXNativeTarget "ShopInstantTests" */ = {
			isa = XCConfigurationList;
			buildConfigurations = (
				92D510562C86B4BA0024BADC /* Debug */,
				92D510572C86B4BA0024BADC /* Release */,
			);
			defaultConfigurationIsVisible = 0;
			defaultConfigurationName = Release;
		};
		92D510582C86B4BA0024BADC /* Build configuration list for PBXNativeTarget "ShopInstantUITests" */ = {
			isa = XCConfigurationList;
			buildConfigurations = (
				92D510592C86B4BA0024BADC /* Debug */,
				92D5105A2C86B4BA0024BADC /* Release */,
			);
			defaultConfigurationIsVisible = 0;
			defaultConfigurationName = Release;
		};
/* End XCConfigurationList section */
	};
	rootObject = 92D510262C86B4B90024BADC /* Project object */;
}
